
Microsoft Visual Studio Solution File, Format Version 12.00
# Visual Studio 15
VisualStudioVersion = 15.0.28307.852
MinimumVisualStudioVersion = 10.0.40219.1
Project("{8BC9CEB8-8B4A-11D0-8D11-00A0C91BC942}") = "TryToPassTenProtect", "TryToPassTenProtect\TryToPassTenProtect.vcxproj", "{733C8C1B-A0F7-4A1F-8584-4FD33606E3EA}"
EndProject
Global
	GlobalSection(SolutionConfigurationPlatforms) = preSolution
		Debug|ARM = Debug|ARM
		Debug|ARM64 = Debug|ARM64
		Debug|x64 = Debug|x64
		Debug|x86 = Debug|x86
		Release|ARM = Release|ARM
		Release|ARM64 = Release|ARM64
		Release|x64 = Release|x64
		Release|x86 = Release|x86
	EndGlobalSection
	GlobalSection(ProjectConfigurationPlatforms) = postSolution
		{733C8C1B-A0F7-4A1F-8584-4FD33606E3EA}.Debug|ARM.ActiveCfg = Debug|ARM
		{733C8C1B-A0F7-4A1F-8584-4FD33606E3EA}.Debug|ARM.Build.0 = Debug|ARM
		{733C8C1B-A0F7-4A1F-8584-4FD33606E3EA}.Debug|ARM.Deploy.0 = Debug|ARM
		{733C8C1B-A0F7-4A1F-8584-4FD33606E3EA}.Debug|ARM64.ActiveCfg = Debug|ARM64
		{733C8C1B-A0F7-4A1F-8584-4FD33606E3EA}.Debug|ARM64.Build.0 = Debug|ARM64
		{733C8C1B-A0F7-4A1F-8584-4FD33606E3EA}.Debug|ARM64.Deploy.0 = Debug|ARM64
		{733C8C1B-A0F7-4A1F-8584-4FD33606E3EA}.Debug|x64.ActiveCfg = Debug|x64
		{733C8C1B-A0F7-4A1F-8584-4FD33606E3EA}.Debug|x64.Build.0 = Debug|x64
		{733C8C1B-A0F7-4A1F-8584-4FD33606E3EA}.Debug|x64.Deploy.0 = Debug|x64
		{733C8C1B-A0F7-4A1F-8584-4FD33606E3EA}.Debug|x86.ActiveCfg = Debug|Win32
		{733C8C1B-A0F7-4A1F-8584-4FD33606E3EA}.Debug|x86.Build.0 = Debug|Win32
		{733C8C1B-A0F7-4A1F-8584-4FD33606E3EA}.Debug|x86.Deploy.0 = Debug|Win32
		{733C8C1B-A0F7-4A1F-8584-4FD33606E3EA}.Release|ARM.ActiveCfg = Release|ARM
		{733C8C1B-A0F7-4A1F-8584-4FD33606E3EA}.Release|ARM.Build.0 = Release|ARM
		{733C8C1B-A0F7-4A1F-8584-4FD33606E3EA}.Release|ARM.Deploy.0 = Release|ARM
		{733C8C1B-A0F7-4A1F-8584-4FD33606E3EA}.Release|ARM64.ActiveCfg = Release|ARM64
		{733C8C1B-A0F7-4A1F-8584-4FD33606E3EA}.Release|ARM64.Build.0 = Release|ARM64
		{733C8C1B-A0F7-4A1F-8584-4FD33606E3EA}.Release|ARM64.Deploy.0 = Release|ARM64
		{733C8C1B-A0F7-4A1F-8584-4FD33606E3EA}.Release|x64.ActiveCfg = Release|x64
		{733C8C1B-A0F7-4A1F-8584-4FD33606E3EA}.Release|x64.Build.0 = Release|x64
		{733C8C1B-A0F7-4A1F-8584-4FD33606E3EA}.Release|x64.Deploy.0 = Release|x64
		{733C8C1B-A0F7-4A1F-8584-4FD33606E3EA}.Release|x86.ActiveCfg = Release|Win32
		{733C8C1B-A0F7-4A1F-8584-4FD33606E3EA}.Release|x86.Build.0 = Release|Win32
		{733C8C1B-A0F7-4A1F-8584-4FD33606E3EA}.Release|x86.Deploy.0 = Release|Win32
	EndGlobalSection
	GlobalSection(SolutionProperties) = preSolution
		HideSolutionNode = FALSE
	EndGlobalSection
	GlobalSection(ExtensibilityGlobals) = postSolution
		SolutionGuid = {49DE7501-4C97-4FD8-87FB-8912AC4EC733}
	EndGlobalSection
EndGlobal
