
Microsoft Visual Studio Solution File, Format Version 12.00
# Visual Studio 15
VisualStudioVersion = 15.0.28307.852
MinimumVisualStudioVersion = 10.0.40219.1
Project("{8BC9CEB8-8B4A-11D0-8D11-00A0C91BC942}") = "ProcessProtector", "ProcessProtector\ProcessProtector.vcxproj", "{5942CD87-1B1A-4F61-A3D1-704DC021ED84}"
EndProject
Global
	GlobalSection(SolutionConfigurationPlatforms) = preSolution
		Debug|ARM = Debug|ARM
		Debug|ARM64 = Debug|ARM64
		Debug|x64 = Debug|x64
		Debug|x86 = Debug|x86
		Release|ARM = Release|ARM
		Release|ARM64 = Release|ARM64
		Release|x64 = Release|x64
		Release|x86 = Release|x86
	EndGlobalSection
	GlobalSection(ProjectConfigurationPlatforms) = postSolution
		{5942CD87-1B1A-4F61-A3D1-704DC021ED84}.Debug|ARM.ActiveCfg = Debug|ARM
		{5942CD87-1B1A-4F61-A3D1-704DC021ED84}.Debug|ARM.Build.0 = Debug|ARM
		{5942CD87-1B1A-4F61-A3D1-704DC021ED84}.Debug|ARM.Deploy.0 = Debug|ARM
		{5942CD87-1B1A-4F61-A3D1-704DC021ED84}.Debug|ARM64.ActiveCfg = Debug|ARM64
		{5942CD87-1B1A-4F61-A3D1-704DC021ED84}.Debug|ARM64.Build.0 = Debug|ARM64
		{5942CD87-1B1A-4F61-A3D1-704DC021ED84}.Debug|ARM64.Deploy.0 = Debug|ARM64
		{5942CD87-1B1A-4F61-A3D1-704DC021ED84}.Debug|x64.ActiveCfg = Debug|x64
		{5942CD87-1B1A-4F61-A3D1-704DC021ED84}.Debug|x64.Build.0 = Debug|x64
		{5942CD87-1B1A-4F61-A3D1-704DC021ED84}.Debug|x64.Deploy.0 = Debug|x64
		{5942CD87-1B1A-4F61-A3D1-704DC021ED84}.Debug|x86.ActiveCfg = Debug|Win32
		{5942CD87-1B1A-4F61-A3D1-704DC021ED84}.Debug|x86.Build.0 = Debug|Win32
		{5942CD87-1B1A-4F61-A3D1-704DC021ED84}.Debug|x86.Deploy.0 = Debug|Win32
		{5942CD87-1B1A-4F61-A3D1-704DC021ED84}.Release|ARM.ActiveCfg = Release|ARM
		{5942CD87-1B1A-4F61-A3D1-704DC021ED84}.Release|ARM.Build.0 = Release|ARM
		{5942CD87-1B1A-4F61-A3D1-704DC021ED84}.Release|ARM.Deploy.0 = Release|ARM
		{5942CD87-1B1A-4F61-A3D1-704DC021ED84}.Release|ARM64.ActiveCfg = Release|ARM64
		{5942CD87-1B1A-4F61-A3D1-704DC021ED84}.Release|ARM64.Build.0 = Release|ARM64
		{5942CD87-1B1A-4F61-A3D1-704DC021ED84}.Release|ARM64.Deploy.0 = Release|ARM64
		{5942CD87-1B1A-4F61-A3D1-704DC021ED84}.Release|x64.ActiveCfg = Release|x64
		{5942CD87-1B1A-4F61-A3D1-704DC021ED84}.Release|x64.Build.0 = Release|x64
		{5942CD87-1B1A-4F61-A3D1-704DC021ED84}.Release|x64.Deploy.0 = Release|x64
		{5942CD87-1B1A-4F61-A3D1-704DC021ED84}.Release|x86.ActiveCfg = Release|Win32
		{5942CD87-1B1A-4F61-A3D1-704DC021ED84}.Release|x86.Build.0 = Release|Win32
		{5942CD87-1B1A-4F61-A3D1-704DC021ED84}.Release|x86.Deploy.0 = Release|Win32
	EndGlobalSection
	GlobalSection(SolutionProperties) = preSolution
		HideSolutionNode = FALSE
	EndGlobalSection
	GlobalSection(ExtensibilityGlobals) = postSolution
		SolutionGuid = {1CA016A2-BFF4-4286-AD28-7E9F0107C342}
	EndGlobalSection
EndGlobal
